<Solution>
  <Folder Name="/Solution Items/">
    <File Path=".editorconfig" />
  </Folder>
  <Project Path="Dita.DiskAccessor.Linux/Dita.DiskAccessor.Linux.csproj" />
  <Project Path="Dita.DiskAccessor.Windows/Dita.DiskAccessor.Windows.csproj" />
  <Project Path="Dita.Gui/Dita.Gui.Browser/Dita.Gui.Browser.csproj" />
  <Project Path="Dita.Gui/Dita.Gui.Desktop/Dita.Gui.Desktop.csproj" />
  <Project Path="Dita.Gui/Dita.Gui/Dita.Gui.csproj" />
  <Project Path="Dita.Server/Dita.Server.csproj" />
  <Project Path="Dita.Shared/Dita.Shared.csproj" Id="d6a39d9d-19e0-4a77-85d4-4bb760e50226" />
  <Project Path="Dita.Tests/Dita.Tests.csproj" Id="6e0db553-57e1-443f-93e4-3fe5e72187fd" />
  <Project Path="Dita.Tui/Dita.Tui.csproj" />
</Solution>
