<Solution>
  <Project Path="Dita.DiskAccessor.Linux/Dita.DiskAccessor.Linux.csproj" />
  <Project Path="Dita.DiskAccessor.Windows/Dita.DiskAccessor.Windows.csproj" />
  <Project Path="Dita.Gui/Dita.Gui.Browser/Dita.Gui.Browser.csproj" />
  <Project Path="Dita.Gui/Dita.Gui.Desktop/Dita.Gui.Desktop.csproj" />
  <Project Path="Dita.Gui/Dita.Gui/Dita.Gui.csproj" />
  <Project Path="Dita.Server/Dita.Server.csproj" />
  <Project Path="Dita.Tui/Dita.Tui.csproj" />
</Solution>
